
Microsoft Visual Studio Solution File, Format Version 12.00
# Visual Studio 15
VisualStudioVersion = 15.0.26403.7
MinimumVisualStudioVersion = 10.0.40219.1
Project("{FAE04EC0-301F-11D3-BF4B-00C04F79EFBC}") = "Advance.Framework", "Advance.Framework\Advance.Framework.csproj", "{BD056327-C21F-4847-BBC7-694CBFA11D0F}"
EndProject
Project("{FAE04EC0-301F-11D3-BF4B-00C04F79EFBC}") = "Advance.Framework.PersonService.Repositories.EntityFramework", "Advance.Framework.People.Repositories.EntityFramework\Advance.Framework.PersonService.Repositories.EntityFramework.csproj", "{F3A606EC-9AC9-418A-8198-534C4E065FEA}"
EndProject
Project("{FAE04EC0-301F-11D3-BF4B-00C04F79EFBC}") = "Advance.Framework.PersonService.Repositories.EntityFramework.Test", "Advance.Framework.PersonService.Repositories.EntityFramework.Test\Advance.Framework.PersonService.Repositories.EntityFramework.Test.csproj", "{8CC9B450-08E8-4F3B-99BD-75FF9EDAB7A1}"
EndProject
Global
	GlobalSection(SolutionConfigurationPlatforms) = preSolution
		Debug|Any CPU = Debug|Any CPU
		Release|Any CPU = Release|Any CPU
	EndGlobalSection
	GlobalSection(ProjectConfigurationPlatforms) = postSolution
		{BD056327-C21F-4847-BBC7-694CBFA11D0F}.Debug|Any CPU.ActiveCfg = Debug|Any CPU
		{BD056327-C21F-4847-BBC7-694CBFA11D0F}.Debug|Any CPU.Build.0 = Debug|Any CPU
		{BD056327-C21F-4847-BBC7-694CBFA11D0F}.Release|Any CPU.ActiveCfg = Release|Any CPU
		{BD056327-C21F-4847-BBC7-694CBFA11D0F}.Release|Any CPU.Build.0 = Release|Any CPU
		{F3A606EC-9AC9-418A-8198-534C4E065FEA}.Debug|Any CPU.ActiveCfg = Debug|Any CPU
		{F3A606EC-9AC9-418A-8198-534C4E065FEA}.Debug|Any CPU.Build.0 = Debug|Any CPU
		{F3A606EC-9AC9-418A-8198-534C4E065FEA}.Release|Any CPU.ActiveCfg = Release|Any CPU
		{F3A606EC-9AC9-418A-8198-534C4E065FEA}.Release|Any CPU.Build.0 = Release|Any CPU
		{8CC9B450-08E8-4F3B-99BD-75FF9EDAB7A1}.Debug|Any CPU.ActiveCfg = Debug|Any CPU
		{8CC9B450-08E8-4F3B-99BD-75FF9EDAB7A1}.Debug|Any CPU.Build.0 = Debug|Any CPU
		{8CC9B450-08E8-4F3B-99BD-75FF9EDAB7A1}.Release|Any CPU.ActiveCfg = Release|Any CPU
		{8CC9B450-08E8-4F3B-99BD-75FF9EDAB7A1}.Release|Any CPU.Build.0 = Release|Any CPU
	EndGlobalSection
	GlobalSection(SolutionProperties) = preSolution
		HideSolutionNode = FALSE
	EndGlobalSection
EndGlobal
