
Microsoft Visual Studio Solution File, Format Version 12.00
# Visual Studio 15
VisualStudioVersion = 15.0.26430.14
MinimumVisualStudioVersion = 10.0.40219.1
Project("{FAE04EC0-301F-11D3-BF4B-00C04F79EFBC}") = "Advance.Framework.DependencyInjection.Unity", "Advance.Framework.DependencyInjection.Unity\Advance.Framework.DependencyInjection.Unity.csproj", "{D8C560A1-3119-4114-B238-728D244F77F1}"
EndProject
Project("{2150E333-8FDC-42A3-9474-1A3956D46DE8}") = "0 - Infrastructure", "0 - Infrastructure", "{B9646424-263D-4161-A858-571D347725EF}"
EndProject
Project("{2150E333-8FDC-42A3-9474-1A3956D46DE8}") = "1 - IoC", "1 - IoC", "{A9E46B26-8F35-4891-BF9E-4939A0DC6BFA}"
EndProject
Project("{2150E333-8FDC-42A3-9474-1A3956D46DE8}") = "Contact", "Contact", "{B96AC513-D54A-4C53-B9DA-464C75BE0F9A}"
EndProject
Project("{FAE04EC0-301F-11D3-BF4B-00C04F79EFBC}") = "Advance.Framework.Modules.Contacts", "Advance.Framework.ContactModule\Advance.Framework.Modules.Contacts.csproj", "{B087153C-3480-4EAA-9E3F-B06DECB3B69A}"
EndProject
Project("{2150E333-8FDC-42A3-9474-1A3956D46DE8}") = "Security", "Security", "{5C308654-3158-40F1-B579-D5F6BB77F548}"
EndProject
Project("{2150E333-8FDC-42A3-9474-1A3956D46DE8}") = "3 - Modules", "3 - Modules", "{723F948C-12F5-455C-A455-09F0027F5600}"
EndProject
Project("{FAE04EC0-301F-11D3-BF4B-00C04F79EFBC}") = "Advance.Framework.Modules.Security", "Advance.Framework.Security\Advance.Framework.Modules.Security.csproj", "{92E15E74-6717-48F2-A762-DB89BC640552}"
EndProject
Project("{FAE04EC0-301F-11D3-BF4B-00C04F79EFBC}") = "Advance.Framework.Contexts.EntityFramework", "Advance.Framework.Contexts.EntityFramework\Advance.Framework.Contexts.EntityFramework.csproj", "{226A2371-DE0F-433C-B4E0-082E150B2918}"
EndProject
Project("{2150E333-8FDC-42A3-9474-1A3956D46DE8}") = "Cms", "Cms", "{53FA3CB2-C1A8-4A3C-B1DE-8A9AD8AC2B75}"
EndProject
Project("{FAE04EC0-301F-11D3-BF4B-00C04F79EFBC}") = "Advance.Framework.Modules.Cms", "Advance.Framework.Modules.Cms\Advance.Framework.Modules.Cms.csproj", "{20B22DE8-4AA6-4FB9-AD2B-634945CDD115}"
EndProject
Project("{FAE04EC0-301F-11D3-BF4B-00C04F79EFBC}") = "Advance.Framework", "Advance.Framework\Advance.Framework.csproj", "{DF833EE4-96F7-4AAD-95FD-F729CAA1619E}"
EndProject
Project("{FAE04EC0-301F-11D3-BF4B-00C04F79EFBC}") = "Advance.Framework.Modules.Cms.UnitTests", "Advance.Framework.Modules.Cms.UnitTests\Advance.Framework.Modules.Cms.UnitTests.csproj", "{8EDF4429-251A-416D-BB68-93F227191BCF}"
EndProject
Project("{FAE04EC0-301F-11D3-BF4B-00C04F79EFBC}") = "Advance.Framework.Modules.Contacts.UnitTests", "Advance.Framework.Modules.Contacts.UnitTests\Advance.Framework.Modules.Contacts.UnitTests.csproj", "{79108470-EB62-4BE3-A191-FAF1CCB62E9E}"
EndProject
Project("{2150E333-8FDC-42A3-9474-1A3956D46DE8}") = "2 - Implementation", "2 - Implementation", "{A2A21918-9FE4-49ED-98B5-2DAB040BFC7E}"
EndProject
Project("{FAE04EC0-301F-11D3-BF4B-00C04F79EFBC}") = "Advance.Framework.Repositories", "Advance.Framework.Repositories\Advance.Framework.Repositories.csproj", "{660D9E99-DB64-4129-8E16-12F84C771779}"
EndProject
Project("{FAE04EC0-301F-11D3-BF4B-00C04F79EFBC}") = "Advance.Framework.Loggers", "Advance.Framework.Logger\Advance.Framework.Loggers.csproj", "{9022D910-5D1C-4F75-81C5-094869F5907B}"
EndProject
Project("{2150E333-8FDC-42A3-9474-1A3956D46DE8}") = "UnitTests", "UnitTests", "{10A7653E-D833-4B8E-8E0E-F2AF75500B89}"
EndProject
Project("{FAE04EC0-301F-11D3-BF4B-00C04F79EFBC}") = "Advance.Framework.Loggers.UnitTests", "Advance.Framework.Loggers.UnitTests\Advance.Framework.Loggers.UnitTests.csproj", "{849D7249-9DF2-4F18-8977-DD748099585E}"
EndProject
Project("{FAE04EC0-301F-11D3-BF4B-00C04F79EFBC}") = "Advance.Framework.Loggers.log4net", "Advance.Framework.Loggers.log4net\Advance.Framework.Loggers.log4net.csproj", "{CB7B9FA6-F9E4-4292-94E6-E7925DD8ED11}"
EndProject
Project("{2150E333-8FDC-42A3-9474-1A3956D46DE8}") = "0 - Advance.Framework", "0 - Advance.Framework", "{A0BA1940-FBD4-49EA-BD5E-D53420A4BEC3}"
EndProject
Project("{FAE04EC0-301F-11D3-BF4B-00C04F79EFBC}") = "Kendo.Contexts.EntityFramework", "Kendo.Contexts.EntityFramework\Kendo.Contexts.EntityFramework.csproj", "{B843FD3C-E86C-419E-945A-9B2FF8A40EEA}"
EndProject
Project("{2150E333-8FDC-42A3-9474-1A3956D46DE8}") = "2.1 - Base Classes", "2.1 - Base Classes", "{A19E031C-0939-4E60-A139-CF9A42FCAEE7}"
EndProject
Project("{2150E333-8FDC-42A3-9474-1A3956D46DE8}") = "2.2 - Library Implementation", "2.2 - Library Implementation", "{25D1BF83-7C75-4A90-AA6B-7480E3223250}"
EndProject
Project("{FAE04EC0-301F-11D3-BF4B-00C04F79EFBC}") = "HelloWorld", "HelloWorld\HelloWorld.csproj", "{8FB2119B-A107-4D33-A2BA-D30931A859C5}"
EndProject
Project("{FAE04EC0-301F-11D3-BF4B-00C04F79EFBC}") = "Kendo", "Kendo.Entities\Kendo.csproj", "{8ACF80BC-FBE1-4927-AE11-EB718FDF0B86}"
EndProject
Project("{2150E333-8FDC-42A3-9474-1A3956D46DE8}") = "Core", "Core", "{6AA8C11D-6C30-44A3-985F-57D542397916}"
EndProject
Project("{FAE04EC0-301F-11D3-BF4B-00C04F79EFBC}") = "Advance.Framework.Modules.Core", "Advance.Framework.Modules.Core\Advance.Framework.Modules.Core.csproj", "{75702BFE-0E36-4BB8-AF61-6DAE7C69263B}"
EndProject
Project("{FAE04EC0-301F-11D3-BF4B-00C04F79EFBC}") = "Advance.Framework.Modules.Core.UnitTests", "Advance.Framework.Modules.Core.UnitTests\Advance.Framework.Modules.Core.UnitTests.csproj", "{0497872F-773F-4375-91E7-A44184B38192}"
EndProject
Global
	GlobalSection(SolutionConfigurationPlatforms) = preSolution
		Debug|Any CPU = Debug|Any CPU
		Release|Any CPU = Release|Any CPU
	EndGlobalSection
	GlobalSection(ProjectConfigurationPlatforms) = postSolution
		{D8C560A1-3119-4114-B238-728D244F77F1}.Debug|Any CPU.ActiveCfg = Debug|Any CPU
		{D8C560A1-3119-4114-B238-728D244F77F1}.Debug|Any CPU.Build.0 = Debug|Any CPU
		{D8C560A1-3119-4114-B238-728D244F77F1}.Release|Any CPU.ActiveCfg = Release|Any CPU
		{D8C560A1-3119-4114-B238-728D244F77F1}.Release|Any CPU.Build.0 = Release|Any CPU
		{B087153C-3480-4EAA-9E3F-B06DECB3B69A}.Debug|Any CPU.ActiveCfg = Debug|Any CPU
		{B087153C-3480-4EAA-9E3F-B06DECB3B69A}.Debug|Any CPU.Build.0 = Debug|Any CPU
		{B087153C-3480-4EAA-9E3F-B06DECB3B69A}.Release|Any CPU.ActiveCfg = Release|Any CPU
		{B087153C-3480-4EAA-9E3F-B06DECB3B69A}.Release|Any CPU.Build.0 = Release|Any CPU
		{92E15E74-6717-48F2-A762-DB89BC640552}.Debug|Any CPU.ActiveCfg = Debug|Any CPU
		{92E15E74-6717-48F2-A762-DB89BC640552}.Debug|Any CPU.Build.0 = Debug|Any CPU
		{92E15E74-6717-48F2-A762-DB89BC640552}.Release|Any CPU.ActiveCfg = Release|Any CPU
		{92E15E74-6717-48F2-A762-DB89BC640552}.Release|Any CPU.Build.0 = Release|Any CPU
		{226A2371-DE0F-433C-B4E0-082E150B2918}.Debug|Any CPU.ActiveCfg = Debug|Any CPU
		{226A2371-DE0F-433C-B4E0-082E150B2918}.Debug|Any CPU.Build.0 = Debug|Any CPU
		{226A2371-DE0F-433C-B4E0-082E150B2918}.Release|Any CPU.ActiveCfg = Release|Any CPU
		{226A2371-DE0F-433C-B4E0-082E150B2918}.Release|Any CPU.Build.0 = Release|Any CPU
		{20B22DE8-4AA6-4FB9-AD2B-634945CDD115}.Debug|Any CPU.ActiveCfg = Debug|Any CPU
		{20B22DE8-4AA6-4FB9-AD2B-634945CDD115}.Debug|Any CPU.Build.0 = Debug|Any CPU
		{20B22DE8-4AA6-4FB9-AD2B-634945CDD115}.Release|Any CPU.ActiveCfg = Release|Any CPU
		{20B22DE8-4AA6-4FB9-AD2B-634945CDD115}.Release|Any CPU.Build.0 = Release|Any CPU
		{DF833EE4-96F7-4AAD-95FD-F729CAA1619E}.Debug|Any CPU.ActiveCfg = Debug|Any CPU
		{DF833EE4-96F7-4AAD-95FD-F729CAA1619E}.Debug|Any CPU.Build.0 = Debug|Any CPU
		{DF833EE4-96F7-4AAD-95FD-F729CAA1619E}.Release|Any CPU.ActiveCfg = Release|Any CPU
		{DF833EE4-96F7-4AAD-95FD-F729CAA1619E}.Release|Any CPU.Build.0 = Release|Any CPU
		{8EDF4429-251A-416D-BB68-93F227191BCF}.Debug|Any CPU.ActiveCfg = Debug|Any CPU
		{8EDF4429-251A-416D-BB68-93F227191BCF}.Debug|Any CPU.Build.0 = Debug|Any CPU
		{8EDF4429-251A-416D-BB68-93F227191BCF}.Release|Any CPU.ActiveCfg = Release|Any CPU
		{8EDF4429-251A-416D-BB68-93F227191BCF}.Release|Any CPU.Build.0 = Release|Any CPU
		{79108470-EB62-4BE3-A191-FAF1CCB62E9E}.Debug|Any CPU.ActiveCfg = Debug|Any CPU
		{79108470-EB62-4BE3-A191-FAF1CCB62E9E}.Debug|Any CPU.Build.0 = Debug|Any CPU
		{79108470-EB62-4BE3-A191-FAF1CCB62E9E}.Release|Any CPU.ActiveCfg = Release|Any CPU
		{79108470-EB62-4BE3-A191-FAF1CCB62E9E}.Release|Any CPU.Build.0 = Release|Any CPU
		{660D9E99-DB64-4129-8E16-12F84C771779}.Debug|Any CPU.ActiveCfg = Debug|Any CPU
		{660D9E99-DB64-4129-8E16-12F84C771779}.Debug|Any CPU.Build.0 = Debug|Any CPU
		{660D9E99-DB64-4129-8E16-12F84C771779}.Release|Any CPU.ActiveCfg = Release|Any CPU
		{660D9E99-DB64-4129-8E16-12F84C771779}.Release|Any CPU.Build.0 = Release|Any CPU
		{9022D910-5D1C-4F75-81C5-094869F5907B}.Debug|Any CPU.ActiveCfg = Debug|Any CPU
		{9022D910-5D1C-4F75-81C5-094869F5907B}.Debug|Any CPU.Build.0 = Debug|Any CPU
		{9022D910-5D1C-4F75-81C5-094869F5907B}.Release|Any CPU.ActiveCfg = Release|Any CPU
		{9022D910-5D1C-4F75-81C5-094869F5907B}.Release|Any CPU.Build.0 = Release|Any CPU
		{849D7249-9DF2-4F18-8977-DD748099585E}.Debug|Any CPU.ActiveCfg = Debug|Any CPU
		{849D7249-9DF2-4F18-8977-DD748099585E}.Debug|Any CPU.Build.0 = Debug|Any CPU
		{849D7249-9DF2-4F18-8977-DD748099585E}.Release|Any CPU.ActiveCfg = Release|Any CPU
		{849D7249-9DF2-4F18-8977-DD748099585E}.Release|Any CPU.Build.0 = Release|Any CPU
		{CB7B9FA6-F9E4-4292-94E6-E7925DD8ED11}.Debug|Any CPU.ActiveCfg = Debug|Any CPU
		{CB7B9FA6-F9E4-4292-94E6-E7925DD8ED11}.Debug|Any CPU.Build.0 = Debug|Any CPU
		{CB7B9FA6-F9E4-4292-94E6-E7925DD8ED11}.Release|Any CPU.ActiveCfg = Release|Any CPU
		{CB7B9FA6-F9E4-4292-94E6-E7925DD8ED11}.Release|Any CPU.Build.0 = Release|Any CPU
		{B843FD3C-E86C-419E-945A-9B2FF8A40EEA}.Debug|Any CPU.ActiveCfg = Debug|Any CPU
		{B843FD3C-E86C-419E-945A-9B2FF8A40EEA}.Debug|Any CPU.Build.0 = Debug|Any CPU
		{B843FD3C-E86C-419E-945A-9B2FF8A40EEA}.Release|Any CPU.ActiveCfg = Release|Any CPU
		{B843FD3C-E86C-419E-945A-9B2FF8A40EEA}.Release|Any CPU.Build.0 = Release|Any CPU
		{8FB2119B-A107-4D33-A2BA-D30931A859C5}.Debug|Any CPU.ActiveCfg = Debug|Any CPU
		{8FB2119B-A107-4D33-A2BA-D30931A859C5}.Debug|Any CPU.Build.0 = Debug|Any CPU
		{8FB2119B-A107-4D33-A2BA-D30931A859C5}.Release|Any CPU.ActiveCfg = Release|Any CPU
		{8FB2119B-A107-4D33-A2BA-D30931A859C5}.Release|Any CPU.Build.0 = Release|Any CPU
		{8ACF80BC-FBE1-4927-AE11-EB718FDF0B86}.Debug|Any CPU.ActiveCfg = Debug|Any CPU
		{8ACF80BC-FBE1-4927-AE11-EB718FDF0B86}.Debug|Any CPU.Build.0 = Debug|Any CPU
		{8ACF80BC-FBE1-4927-AE11-EB718FDF0B86}.Release|Any CPU.ActiveCfg = Release|Any CPU
		{8ACF80BC-FBE1-4927-AE11-EB718FDF0B86}.Release|Any CPU.Build.0 = Release|Any CPU
		{75702BFE-0E36-4BB8-AF61-6DAE7C69263B}.Debug|Any CPU.ActiveCfg = Debug|Any CPU
		{75702BFE-0E36-4BB8-AF61-6DAE7C69263B}.Debug|Any CPU.Build.0 = Debug|Any CPU
		{75702BFE-0E36-4BB8-AF61-6DAE7C69263B}.Release|Any CPU.ActiveCfg = Release|Any CPU
		{75702BFE-0E36-4BB8-AF61-6DAE7C69263B}.Release|Any CPU.Build.0 = Release|Any CPU
		{0497872F-773F-4375-91E7-A44184B38192}.Debug|Any CPU.ActiveCfg = Debug|Any CPU
		{0497872F-773F-4375-91E7-A44184B38192}.Debug|Any CPU.Build.0 = Debug|Any CPU
		{0497872F-773F-4375-91E7-A44184B38192}.Release|Any CPU.ActiveCfg = Release|Any CPU
		{0497872F-773F-4375-91E7-A44184B38192}.Release|Any CPU.Build.0 = Release|Any CPU
	EndGlobalSection
	GlobalSection(SolutionProperties) = preSolution
		HideSolutionNode = FALSE
	EndGlobalSection
	GlobalSection(NestedProjects) = preSolution
		{D8C560A1-3119-4114-B238-728D244F77F1} = {A9E46B26-8F35-4891-BF9E-4939A0DC6BFA}
		{B9646424-263D-4161-A858-571D347725EF} = {A0BA1940-FBD4-49EA-BD5E-D53420A4BEC3}
		{A9E46B26-8F35-4891-BF9E-4939A0DC6BFA} = {A0BA1940-FBD4-49EA-BD5E-D53420A4BEC3}
		{B96AC513-D54A-4C53-B9DA-464C75BE0F9A} = {723F948C-12F5-455C-A455-09F0027F5600}
		{B087153C-3480-4EAA-9E3F-B06DECB3B69A} = {B96AC513-D54A-4C53-B9DA-464C75BE0F9A}
		{5C308654-3158-40F1-B579-D5F6BB77F548} = {723F948C-12F5-455C-A455-09F0027F5600}
		{723F948C-12F5-455C-A455-09F0027F5600} = {A0BA1940-FBD4-49EA-BD5E-D53420A4BEC3}
		{92E15E74-6717-48F2-A762-DB89BC640552} = {5C308654-3158-40F1-B579-D5F6BB77F548}
		{226A2371-DE0F-433C-B4E0-082E150B2918} = {25D1BF83-7C75-4A90-AA6B-7480E3223250}
		{53FA3CB2-C1A8-4A3C-B1DE-8A9AD8AC2B75} = {723F948C-12F5-455C-A455-09F0027F5600}
		{20B22DE8-4AA6-4FB9-AD2B-634945CDD115} = {53FA3CB2-C1A8-4A3C-B1DE-8A9AD8AC2B75}
		{DF833EE4-96F7-4AAD-95FD-F729CAA1619E} = {B9646424-263D-4161-A858-571D347725EF}
		{8EDF4429-251A-416D-BB68-93F227191BCF} = {53FA3CB2-C1A8-4A3C-B1DE-8A9AD8AC2B75}
		{79108470-EB62-4BE3-A191-FAF1CCB62E9E} = {B96AC513-D54A-4C53-B9DA-464C75BE0F9A}
		{A2A21918-9FE4-49ED-98B5-2DAB040BFC7E} = {A0BA1940-FBD4-49EA-BD5E-D53420A4BEC3}
		{660D9E99-DB64-4129-8E16-12F84C771779} = {A19E031C-0939-4E60-A139-CF9A42FCAEE7}
		{9022D910-5D1C-4F75-81C5-094869F5907B} = {A19E031C-0939-4E60-A139-CF9A42FCAEE7}
		{10A7653E-D833-4B8E-8E0E-F2AF75500B89} = {25D1BF83-7C75-4A90-AA6B-7480E3223250}
		{849D7249-9DF2-4F18-8977-DD748099585E} = {10A7653E-D833-4B8E-8E0E-F2AF75500B89}
		{CB7B9FA6-F9E4-4292-94E6-E7925DD8ED11} = {25D1BF83-7C75-4A90-AA6B-7480E3223250}
		{A19E031C-0939-4E60-A139-CF9A42FCAEE7} = {A2A21918-9FE4-49ED-98B5-2DAB040BFC7E}
		{25D1BF83-7C75-4A90-AA6B-7480E3223250} = {A2A21918-9FE4-49ED-98B5-2DAB040BFC7E}
		{6AA8C11D-6C30-44A3-985F-57D542397916} = {723F948C-12F5-455C-A455-09F0027F5600}
		{75702BFE-0E36-4BB8-AF61-6DAE7C69263B} = {6AA8C11D-6C30-44A3-985F-57D542397916}
		{0497872F-773F-4375-91E7-A44184B38192} = {6AA8C11D-6C30-44A3-985F-57D542397916}
	EndGlobalSection
EndGlobal
